
Microsoft Visual Studio Solution File, Format Version 12.00
# Visual Studio Version 17
VisualStudioVersion = 17.5.002.0
MinimumVisualStudioVersion = 10.0.40219.1
Project("{9A19103F-16F7-4668-BE54-9A1E7A4F7556}") = "ApiAggregator.Tests", "ApiAggregator.Tests.csproj", "{9B3EECD4-7F26-40B5-8802-BE085398548B}"
EndProject
Global
	GlobalSection(SolutionConfigurationPlatforms) = preSolution
		Debug|Any CPU = Debug|Any CPU
		Release|Any CPU = Release|Any CPU
	EndGlobalSection
	GlobalSection(ProjectConfigurationPlatforms) = postSolution
		{9B3EECD4-7F26-40B5-8802-BE085398548B}.Debug|Any CPU.ActiveCfg = Debug|Any CPU
		{9B3EECD4-7F26-40B5-8802-BE085398548B}.Debug|Any CPU.Build.0 = Debug|Any CPU
		{9B3EECD4-7F26-40B5-8802-BE085398548B}.Release|Any CPU.ActiveCfg = Release|Any CPU
		{9B3EECD4-7F26-40B5-8802-BE085398548B}.Release|Any CPU.Build.0 = Release|Any CPU
	EndGlobalSection
	GlobalSection(SolutionProperties) = preSolution
		HideSolutionNode = FALSE
	EndGlobalSection
	GlobalSection(ExtensibilityGlobals) = postSolution
		SolutionGuid = {462F6007-82C3-4D9A-9D71-4C02C46A5C13}
	EndGlobalSection
EndGlobal
